{
  "name": "simple-bot",
  "version": "1.0.0",
  "lockfileVersion": 1,
  "requires": true,
  "dependencies": {
    "colors": {
      "version": "1.3.0",
      "resolved": "https://registry.npmjs.org/colors/-/colors-1.3.0.tgz",
      "integrity": "sha512-EDpX3a7wHMWFA7PUHWPHNWqOxIIRSJetuwl0AS5Oi/5FMV8kWm69RTlgm00GKjBO1xFHMtBbL49yRtMMdticBw=="
    },
    "moment": {
      "version": "2.22.2",
      "resolved": "https://registry.npmjs.org/moment/-/moment-2.22.2.tgz",
      "integrity": "sha1-PCV/mDn8DpP/UxSWMiOeuQeD/2Y="
    },
    "sky-logger": {
      "version": "1.1.0",
      "resolved": "https://registry.npmjs.org/sky-logger/-/sky-logger-1.1.0.tgz",
      "integrity": "sha512-sDlGiR8BofaBZInKyEI7iJzYW6esb1t+t/tnzMpxjMAShf7rR1FoAMLMagNK52/RFSwhMgh8K2fzk6YCkq6Gtg==",
      "requires": {
        "colors": "^1.3.0",
        "moment": "^2.22.1"
      }
    }
  }
}
